
Microsoft Visual Studio Solution File, Format Version 12.00
Project("{FAE04EC0-301F-11D3-BF4B-00C04F79EFBC}") = "Bookify.Domain", "Bookify.Domain\Bookify.Domain.csproj", "{611FC55D-7C9A-4166-8500-92427BE7316C}"
EndProject
Project("{2150E333-8FDC-42A3-9474-1A3956D46DE8}") = "src", "src", "{661DA237-8B93-4BB8-8E04-71E4712E4E27}"
EndProject
Global
	GlobalSection(SolutionConfigurationPlatforms) = preSolution
		Debug|Any CPU = Debug|Any CPU
		Release|Any CPU = Release|Any CPU
	EndGlobalSection
	GlobalSection(ProjectConfigurationPlatforms) = postSolution
		{611FC55D-7C9A-4166-8500-92427BE7316C}.Debug|Any CPU.ActiveCfg = Debug|Any CPU
		{611FC55D-7C9A-4166-8500-92427BE7316C}.Debug|Any CPU.Build.0 = Debug|Any CPU
		{611FC55D-7C9A-4166-8500-92427BE7316C}.Release|Any CPU.ActiveCfg = Release|Any CPU
		{611FC55D-7C9A-4166-8500-92427BE7316C}.Release|Any CPU.Build.0 = Release|Any CPU
	EndGlobalSection
	GlobalSection(NestedProjects) = preSolution
		{611FC55D-7C9A-4166-8500-92427BE7316C} = {661DA237-8B93-4BB8-8E04-71E4712E4E27}
	EndGlobalSection
EndGlobal
